# This file is automatically @generated by Cargo.
# It is not intended for manual editing.
version = 3

[[package]]
name = "compiler_builtins"
version = "0.1.43"
source = "registry+https://github.com/rust-lang/crates.io-index"
checksum = "65af2dcae4779003dfa91aedc6ade7bdc7ba685944e50a8b4f9380df376a4466"

[[package]]
name = "core_arg"
version = "0.1.0"
dependencies = [
 "errchain",
 "global_types",
 "rangeset",
]

[[package]]
name = "errchain"
version = "0.1.0"

[[package]]
name = "global_types"
version = "0.1.0"

[[package]]
name = "kernel"
version = "0.1.0"
dependencies = [
 "compiler_builtins",
 "core_arg",
 "errchain",
 "global_types",
 "rangeset",
]

[[package]]
name = "phys_mem"
version = "0.1.0"
dependencies = [
 "errchain",
 "global_types",
]

[[package]]
name = "rangeset"
version = "0.1.0"
dependencies = [
 "errchain",
 "global_types",
 "phys_mem",
]
