# This file is automatically @generated by Cargo.
# It is not intended for manual editing.
version = 3

[[package]]
name = "errchain"
version = "0.1.0"

[[package]]
name = "global_types"
version = "0.1.0"

[[package]]
name = "phys_mem"
version = "0.1.0"
dependencies = [
 "errchain",
 "global_types",
]
