# This file is automatically @generated by Cargo.
# It is not intended for manual editing.
version = 3

[[package]]
name = "bootloader"
version = "0.1.0"
dependencies = [
 "core_arg",
 "cpu_x86",
 "errchain",
 "global_types",
 "page_table",
 "pe",
 "phys_mem",
 "rangeset",
]

[[package]]
name = "core_arg"
version = "0.1.0"
dependencies = [
 "errchain",
 "global_types",
 "rangeset",
]

[[package]]
name = "cpu_trait"
version = "0.1.0"

[[package]]
name = "cpu_x86"
version = "0.1.0"
dependencies = [
 "cpu_trait",
]

[[package]]
name = "errchain"
version = "0.1.0"

[[package]]
name = "global_types"
version = "0.1.0"

[[package]]
name = "page_table"
version = "0.1.0"
dependencies = [
 "cpu_x86",
 "errchain",
 "global_types",
 "phys_mem",
]

[[package]]
name = "pe"
version = "0.1.0"
dependencies = [
 "errchain",
]

[[package]]
name = "phys_mem"
version = "0.1.0"
dependencies = [
 "errchain",
 "global_types",
]

[[package]]
name = "rangeset"
version = "0.1.0"
dependencies = [
 "errchain",
 "global_types",
 "phys_mem",
]
